dependencies:
- name: common
  repository: https://charts.bitnami.com/bitnami
  version: 1.16.1
- name: redis
  repository: https://charts.bitnami.com/bitnami
  version: 16.13.2
- name: ipfs
  repository: file://../ipfs
  version: 0.1.2
- name: ceramic
  repository: file://../ceramic
  version: 0.1.0
- name: job
  repository: file://../job
  version: 0.1.0
- name: job
  repository: file://../job
  version: 0.1.0
digest: sha256:6fe783648be878bdeda71408cb0abf01ec54fc68afd483f92d8c35ca90804d83
generated: "2022-08-16T18:12:58.035138114-04:00"
