dependencies:
- name: common
  repository: https://charts.bitnami.com/bitnami
  version: 1.15.2
- name: redis
  repository: https://charts.bitnami.com/bitnami
  version: 16.10.1
- name: ipfs
  repository: file://../ipfs
  version: 0.1.2
- name: ceramic
  repository: file://../ceramic
  version: 0.1.0
digest: sha256:b23335c0240993d0354e8a006924b927ee5abc02ef58138d09f79caf28b153f6
generated: "2022-06-02T17:49:02.264396309-04:00"
